%{
  "bbmustache": {:hex, :bbmustache, "1.0.4", "7ba94f971c5afd7b6617918a4bb74705e36cab36eb84b19b6a1b7ee06427aa38", [:rebar], [], "hexpm", "03b0d47db66e86df993896dce7578d7e4aae5f84636809b45fa8a3e34ee59b12"},
  "cf": {:hex, :cf, "0.2.1", "69d0b1349fd4d7d4dc55b7f407d29d7a840bf9a1ef5af529f1ebe0ce153fc2ab", [:rebar3], [], "hexpm", "baee9aa7ec2dfa3cb4486b67211177caa293f876780f0b313b45718edef6a0a5"},
  "cors_plug": {:hex, :cors_plug, "1.1.2", "3e7451286996f745c7b629c39d24a6493e59b0c8191f27e67f6ab097f96ffd23", [:mix], [{:cowboy, "~> 1.0.0", [hex: :cowboy, optional: false]}, {:plug, "> 0.8.0", [hex: :plug, optional: false]}]},
  "cowboy": {:hex, :cowboy, "1.0.4", "a324a8df9f2316c833a470d918aaf73ae894278b8aa6226ce7a9bf699388f878", [:make, :rebar], [{:cowlib, "~> 1.0.0", [hex: :cowlib, repo: "hexpm", optional: false]}, {:ranch, "~> 1.0", [hex: :ranch, repo: "hexpm", optional: false]}], "hexpm", "6a0edee96885fae3a8dd0ac1f333538a42e807db638a9453064ccfdaa6b9fdac"},
  "cowlib": {:hex, :cowlib, "1.0.2", "9d769a1d062c9c3ac753096f868ca121e2730b9a377de23dec0f7e08b1df84ee", [:make], [], "hexpm", "db622da03aa039e6366ab953e31186cc8190d32905e33788a1acb22744e6abd2"},
  "earmark": {:hex, :earmark, "1.4.4", "4821b8d05cda507189d51f2caeef370cf1e18ca5d7dfb7d31e9cafe6688106a4", [:mix], [], "hexpm", "1f93aba7340574847c0f609da787f0d79efcab51b044bb6e242cae5aca9d264d"},
  "erlware_commons": {:hex, :erlware_commons, "0.21.0", "a04433071ad7d112edefc75ac77719dd3e6753e697ac09428fc83d7564b80b15", [:rebar3], [{:cf, "0.2.1", [hex: :cf, repo: "hexpm", optional: false]}], "hexpm", "e70a95762458a489dc37fe869f41517bd43c130e156ef08462f90c534300ab3f"},
  "ex_doc": {:hex, :ex_doc, "0.22.1", "9bb6d51508778193a4ea90fa16eac47f8b67934f33f8271d5e1edec2dc0eee4c", [:mix], [{:earmark, "~> 1.4.0", [hex: :earmark, repo: "hexpm", optional: false]}, {:makeup_elixir, "~> 0.14", [hex: :makeup_elixir, repo: "hexpm", optional: false]}], "hexpm", "d957de1b75cb9f78d3ee17820733dc4460114d8b1e11f7ee4fd6546e69b1db60"},
  "exrm": {:hex, :exrm, "1.0.8", "5aa8990cdfe300282828b02cefdc339e235f7916388ce99f9a1f926a9271a45d", [:mix], [{:relx, "~> 3.5", [hex: :relx, repo: "hexpm", optional: false]}], "hexpm", "4e8eebc1298fc0848f1693c527036e064f62bb609195036ecf45c0d3f0b01a7b"},
  "getopt": {:hex, :getopt, "0.8.2", "b17556db683000ba50370b16c0619df1337e7af7ecbf7d64fbf8d1d6bce3109b", [:rebar3], [], "hexpm", "736e6db3679fbbad46373efb96b69509f8e420281635e9d92989af9f0a0483f7"},
  "gettext": {:hex, :gettext, "0.12.1", "c0624f52763469ef7a3674919ae28b8286d88195b90fa1516180f31bbbd26d14", [:mix], [], "hexpm", "bf1c2cb8e64573399ba8d9e006ed8089c347f2ebe9232a27496fd2b0b6d42137"},
  "makeup": {:hex, :makeup, "1.0.1", "82f332e461dc6c79dbd82fbe2a9c10d48ed07146f0a478286e590c83c52010b5", [:mix], [{:nimble_parsec, "~> 0.5.0", [hex: :nimble_parsec, repo: "hexpm", optional: false]}], "hexpm", "49736fe5b66a08d8575bf5321d716bac5da20c8e6b97714fec2bcd6febcfa1f8"},
  "makeup_elixir": {:hex, :makeup_elixir, "0.14.0", "cf8b7c66ad1cff4c14679698d532f0b5d45a3968ffbcbfd590339cb57742f1ae", [:mix], [{:makeup, "~> 1.0", [hex: :makeup, repo: "hexpm", optional: false]}], "hexpm", "d4b316c7222a85bbaa2fd7c6e90e37e953257ad196dc229505137c5e505e9eff"},
  "mime": {:hex, :mime, "1.0.1", "05c393850524767d13a53627df71beeebb016205eb43bfbd92d14d24ec7a1b51", [:mix], [], "hexpm", "8aad5eef6d9d20899918868b10e79fc2dafe72a79102882c2947999c10b30cd9"},
  "nimble_parsec": {:hex, :nimble_parsec, "0.5.3", "def21c10a9ed70ce22754fdeea0810dafd53c2db3219a0cd54cf5526377af1c6", [:mix], [], "hexpm", "589b5af56f4afca65217a1f3eb3fee7e79b09c40c742fddc1c312b3ac0b3399f"},
  "phoenix": {:hex, :phoenix, "1.2.1", "6dc592249ab73c67575769765b66ad164ad25d83defa3492dc6ae269bd2a68ab", [:mix], [{:cowboy, "~> 1.0", [hex: :cowboy, repo: "hexpm", optional: true]}, {:phoenix_pubsub, "~> 1.0", [hex: :phoenix_pubsub, repo: "hexpm", optional: false]}, {:plug, "~> 1.1", [hex: :plug, repo: "hexpm", optional: false]}, {:poison, "~> 1.5 or ~> 2.0", [hex: :poison, repo: "hexpm", optional: false]}], "hexpm", "3bdd0166c46035e90ab2fce314f7b46e937a940efacbf71d973c54af9c891f38"},
  "phoenix_pubsub": {:hex, :phoenix_pubsub, "1.0.1", "c10ddf6237007c804bf2b8f3c4d5b99009b42eca3a0dfac04ea2d8001186056a", [:mix], [], "hexpm", "4acd2f6100e6f23f1662afadc6da7342a6718876c41886bbb79acb97a50cd398"},
  "plug": {:hex, :plug, "1.2.2", "cfbda521b54c92ab8ddffb173fbaabed8d8fc94bec07cd9bb58a84c1c501b0bd", [:mix], [{:cowboy, "~> 1.0", [hex: :cowboy, repo: "hexpm", optional: true]}, {:mime, "~> 1.0", [hex: :mime, repo: "hexpm", optional: false]}], "hexpm", "055e1ff1fa44b86cfc5d08fe9c1e5226ef807ece2cfacaff32f033c5f1fa7e81"},
  "poison": {:hex, :poison, "2.2.0", "4763b69a8a77bd77d26f477d196428b741261a761257ff1cf92753a0d4d24a63", [:mix], [], "hexpm", "519bc209e4433961284174c497c8524c001e285b79bdf80212b47a1f898084cc"},
  "providers": {:hex, :providers, "1.6.0", "db0e2f9043ae60c0155205fcd238d68516331d0e5146155e33d1e79dc452964a", [:rebar3], [{:getopt, "0.8.2", [hex: :getopt, repo: "hexpm", optional: false]}], "hexpm", "0f6876529a613d34224de8c61d3660388eb981142360f2699486d8536050ce2f"},
  "ranch": {:hex, :ranch, "1.2.1", "a6fb992c10f2187b46ffd17ce398ddf8a54f691b81768f9ef5f461ea7e28c762", [:make], [], "hexpm", "f602d057615ce737945c239e9c8155d3f5300fc5b1255abf81f2a9d0d08e5b04"},
  "relx": {:hex, :relx, "3.21.1", "f989dc520730efd9075e9f4debcb8ba1d7d1e86b018b0bcf45a2eb80270b4ad6", [:rebar3], [{:bbmustache, "1.0.4", [hex: :bbmustache, repo: "hexpm", optional: false]}, {:cf, "0.2.1", [hex: :cf, repo: "hexpm", optional: false]}, {:erlware_commons, "0.21.0", [hex: :erlware_commons, repo: "hexpm", optional: false]}, {:getopt, "0.8.2", [hex: :getopt, repo: "hexpm", optional: false]}, {:providers, "1.6.0", [hex: :providers, repo: "hexpm", optional: false]}], "hexpm", "686debb3e0db1cbc8cbfaadafa29eebd46906c5dfce1fead7edf65e0b102a900"},
}
